
Microsoft Visual Studio Solution File, Format Version 12.00
# Visual Studio Version 16
VisualStudioVersion = 16.0.30114.105
MinimumVisualStudioVersion = 10.0.40219.1
Project("{FAE04EC0-301F-11D3-BF4B-00C04F79EFBC}") = "联通短信发送接口", "联通短信发送接口\联通短信发送接口.csproj", "{7158DE92-36A5-47E1-8C82-5DF185A850C2}"
EndProject
Global
	GlobalSection(SolutionConfigurationPlatforms) = preSolution
		Debug|Any CPU = Debug|Any CPU
		Release|Any CPU = Release|Any CPU
	EndGlobalSection
	GlobalSection(ProjectConfigurationPlatforms) = postSolution
		{7158DE92-36A5-47E1-8C82-5DF185A850C2}.Debug|Any CPU.ActiveCfg = Debug|Any CPU
		{7158DE92-36A5-47E1-8C82-5DF185A850C2}.Debug|Any CPU.Build.0 = Debug|Any CPU
		{7158DE92-36A5-47E1-8C82-5DF185A850C2}.Release|Any CPU.ActiveCfg = Release|Any CPU
		{7158DE92-36A5-47E1-8C82-5DF185A850C2}.Release|Any CPU.Build.0 = Release|Any CPU
	EndGlobalSection
	GlobalSection(SolutionProperties) = preSolution
		HideSolutionNode = FALSE
	EndGlobalSection
	GlobalSection(ExtensibilityGlobals) = postSolution
		SolutionGuid = {D898EEAA-FD82-4945-BB38-740A4C912237}
	EndGlobalSection
EndGlobal
